
Microsoft Visual Studio Solution File, Format Version 12.00
# Visual Studio Version 17
VisualStudioVersion = 17.4.33103.184
MinimumVisualStudioVersion = 10.0.40219.1
Project("{FAE04EC0-301F-11D3-BF4B-00C04F79EFBC}") = "park", "park.csproj", "{A73E98E2-DD76-42F1-9C5A-F72D864DE736}"
EndProject
Global
	GlobalSection(SolutionConfigurationPlatforms) = preSolution
		Debug|Any CPU = Debug|Any CPU
		Release|Any CPU = Release|Any CPU
	EndGlobalSection
	GlobalSection(ProjectConfigurationPlatforms) = postSolution
		{A73E98E2-DD76-42F1-9C5A-F72D864DE736}.Debug|Any CPU.ActiveCfg = Debug|Any CPU
		{A73E98E2-DD76-42F1-9C5A-F72D864DE736}.Debug|Any CPU.Build.0 = Debug|Any CPU
		{A73E98E2-DD76-42F1-9C5A-F72D864DE736}.Release|Any CPU.ActiveCfg = Release|Any CPU
		{A73E98E2-DD76-42F1-9C5A-F72D864DE736}.Release|Any CPU.Build.0 = Release|Any CPU
	EndGlobalSection
	GlobalSection(SolutionProperties) = preSolution
		HideSolutionNode = FALSE
	EndGlobalSection
	GlobalSection(ExtensibilityGlobals) = postSolution
		SolutionGuid = {458E8BEC-7A54-4F21-98E6-316AFD4641B6}
	EndGlobalSection
EndGlobal
